{
  "name": "weapp-sku",
  "version": "1.0.0",
  "lockfileVersion": 1,
  "requires": true,
  "dependencies": {
    "@vant/weapp": {
      "version": "1.5.1",
      "resolved": "https://registry.npmjs.org/@vant/weapp/-/weapp-1.5.1.tgz",
      "integrity": "sha512-rfaZy8oW+yE/hz2EK2hwS3eTWXPcddJ+/j7GCHd4+GOlSJuXzk6xpM63ARAWWe+EUQrXqGXl7ssOHdqK3Z9Ejg=="
    },
    "fast-deep-equal": {
      "version": "2.0.1",
      "resolved": "https://registry.npmjs.org/fast-deep-equal/-/fast-deep-equal-2.0.1.tgz",
      "integrity": "sha1-ewUhjd+WZ79/Nwv3/bLLFf3Qqkk="
    },
    "miniprogram-computed": {
      "version": "2.1.1",
      "resolved": "https://registry.npmjs.org/miniprogram-computed/-/miniprogram-computed-2.1.1.tgz",
      "integrity": "sha512-qf40nbcY8/vOqkKnAepKQY+mJn85sn7gsj8+RZI5hSmLYm0MicM25aQFjwrvjDAqASrfM1dSU9HMMyeFsh0XXQ==",
      "requires": {
        "fast-deep-equal": "^2.0.1",
        "rfdc": "^1.1.4"
      }
    },
    "rfdc": {
      "version": "1.1.4",
      "resolved": "https://registry.npmjs.org/rfdc/-/rfdc-1.1.4.tgz",
      "integrity": "sha512-5C9HXdzK8EAqN7JDif30jqsBzavB7wLpaubisuQIGHWf2gUXSpzy6ArX/+Da8RjFpagWsCn+pIgxTMAmKw9Zug=="
    }
  }
}
